
Microsoft Visual Studio Solution File, Format Version 12.00
# Visual Studio Version 17
VisualStudioVersion = 17.7.34009.444
MinimumVisualStudioVersion = 10.0.40219.1
Project("{FAE04EC0-301F-11D3-BF4B-00C04F79EFBC}") = "#1", "#1\#1.csproj", "{87BFBF4E-D551-4183-A2DC-7B65098328BB}"
EndProject
Global
	GlobalSection(SolutionConfigurationPlatforms) = preSolution
		Debug|Any CPU = Debug|Any CPU
		Release|Any CPU = Release|Any CPU
	EndGlobalSection
	GlobalSection(ProjectConfigurationPlatforms) = postSolution
		{87BFBF4E-D551-4183-A2DC-7B65098328BB}.Debug|Any CPU.ActiveCfg = Debug|Any CPU
		{87BFBF4E-D551-4183-A2DC-7B65098328BB}.Debug|Any CPU.Build.0 = Debug|Any CPU
		{87BFBF4E-D551-4183-A2DC-7B65098328BB}.Release|Any CPU.ActiveCfg = Release|Any CPU
		{87BFBF4E-D551-4183-A2DC-7B65098328BB}.Release|Any CPU.Build.0 = Release|Any CPU
	EndGlobalSection
	GlobalSection(SolutionProperties) = preSolution
		HideSolutionNode = FALSE
	EndGlobalSection
	GlobalSection(ExtensibilityGlobals) = postSolution
		SolutionGuid = {4A5835B9-C6CD-4074-8EC3-F1A736856ACB}
	EndGlobalSection
EndGlobal
